
Microsoft Visual Studio Solution File, Format Version 11.00
# Visual Studio 2010
Project("{FAE04EC0-301F-11D3-BF4B-00C04F79EFBC}") = "CRUD_Calificaciones", "CRUD_Calificaciones\CRUD_Calificaciones.csproj", "{BE155CFB-4A27-48D4-8F0C-3D1B189E4D85}"
EndProject
Global
	GlobalSection(SolutionConfigurationPlatforms) = preSolution
		Debug|x86 = Debug|x86
		Release|x86 = Release|x86
	EndGlobalSection
	GlobalSection(ProjectConfigurationPlatforms) = postSolution
		{BE155CFB-4A27-48D4-8F0C-3D1B189E4D85}.Debug|x86.ActiveCfg = Debug|x86
		{BE155CFB-4A27-48D4-8F0C-3D1B189E4D85}.Debug|x86.Build.0 = Debug|x86
		{BE155CFB-4A27-48D4-8F0C-3D1B189E4D85}.Release|x86.ActiveCfg = Release|x86
		{BE155CFB-4A27-48D4-8F0C-3D1B189E4D85}.Release|x86.Build.0 = Release|x86
	EndGlobalSection
	GlobalSection(SolutionProperties) = preSolution
		HideSolutionNode = FALSE
	EndGlobalSection
EndGlobal
